
Microsoft Visual Studio Solution File, Format Version 12.00
# Visual Studio Version 16
VisualStudioVersion = 16.0.31729.503
MinimumVisualStudioVersion = 10.0.40219.1
Project("{9A19103F-16F7-4668-BE54-9A1E7A4F7556}") = "22.03.19", "22.03.19\22.03.19.csproj", "{9737F0B9-33F3-4FE4-AA22-FDB368A446CB}"
EndProject
Global
	GlobalSection(SolutionConfigurationPlatforms) = preSolution
		Debug|Any CPU = Debug|Any CPU
		Release|Any CPU = Release|Any CPU
	EndGlobalSection
	GlobalSection(ProjectConfigurationPlatforms) = postSolution
		{9737F0B9-33F3-4FE4-AA22-FDB368A446CB}.Debug|Any CPU.ActiveCfg = Debug|Any CPU
		{9737F0B9-33F3-4FE4-AA22-FDB368A446CB}.Debug|Any CPU.Build.0 = Debug|Any CPU
		{9737F0B9-33F3-4FE4-AA22-FDB368A446CB}.Release|Any CPU.ActiveCfg = Release|Any CPU
		{9737F0B9-33F3-4FE4-AA22-FDB368A446CB}.Release|Any CPU.Build.0 = Release|Any CPU
	EndGlobalSection
	GlobalSection(SolutionProperties) = preSolution
		HideSolutionNode = FALSE
	EndGlobalSection
	GlobalSection(ExtensibilityGlobals) = postSolution
		SolutionGuid = {2C1FEAED-6A6A-4634-A006-E2069D8DC7BF}
	EndGlobalSection
EndGlobal
